PODS:
  - Kingfisher (8.3.2)
  - ProgressHUD (14.1.1)

DEPENDENCIES:
  - Kingfisher
  - ProgressHUD

SPEC REPOS:
  trunk:
    - Kingfisher
    - ProgressHUD

SPEC CHECKSUMS:
  Kingfisher: 0621d0ac0c78fecb19f6dc5303bde2b52abaf2f5
  ProgressHUD: abb9136ae23c85204236828562cb9a8ec98efb44

PODFILE CHECKSUM: d20f0ca5ce44193214bbdeab5756b92c1d8fdf20

COCOAPODS: 1.16.2
